
Microsoft Visual Studio Solution File, Format Version 12.00
# Visual Studio 2013
VisualStudioVersion = 12.0.21005.1
MinimumVisualStudioVersion = 10.0.40219.1
Project("{FAE04EC0-301F-11D3-BF4B-00C04F79EFBC}") = "Erp.BackOffice", "Erp.BackOffice\Erp.BackOffice.csproj", "{A6C9CE1F-B05C-4573-B1D9-1A235261D789}"
EndProject
Project("{FAE04EC0-301F-11D3-BF4B-00C04F79EFBC}") = "Erp.API", "Erp.API\Erp.API.csproj", "{C938612B-B244-49FD-993E-A44E34DE3686}"
EndProject
Project("{FAE04EC0-301F-11D3-BF4B-00C04F79EFBC}") = "Erp.Domain.Sale", "Erp.Domain.Sale\Erp.Domain.Sale.csproj", "{5D300B7D-38A3-4E7B-945A-DC203689E322}"
EndProject
Project("{FAE04EC0-301F-11D3-BF4B-00C04F79EFBC}") = "Erp.Domain.Crm", "Erp.Domain.Crm\Erp.Domain.Crm.csproj", "{E28F06E9-6D96-4511-A9B5-E703286F543E}"
EndProject
Project("{FAE04EC0-301F-11D3-BF4B-00C04F79EFBC}") = "Erp.Domain.Staff", "Erp.Domain.Staff\Erp.Domain.Staff.csproj", "{7A22FD5F-0538-4CF7-8ED8-E878E54D5612}"
EndProject
Project("{FAE04EC0-301F-11D3-BF4B-00C04F79EFBC}") = "Erp.Domain.Account", "Erp.Domain.Account\Erp.Domain.Account.csproj", "{2912E5ED-9F93-4266-95D5-42E40630F577}"
EndProject
Project("{FAE04EC0-301F-11D3-BF4B-00C04F79EFBC}") = "Erp.Domain", "Erp.Domain\Erp.Domain.csproj", "{634130CF-1EA3-4B12-8A08-D858A2B615C1}"
EndProject
Global
	GlobalSection(SolutionConfigurationPlatforms) = preSolution
		Debug|Any CPU = Debug|Any CPU
		Release|Any CPU = Release|Any CPU
	EndGlobalSection
	GlobalSection(ProjectConfigurationPlatforms) = postSolution
		{A6C9CE1F-B05C-4573-B1D9-1A235261D789}.Debug|Any CPU.ActiveCfg = Debug|Any CPU
		{A6C9CE1F-B05C-4573-B1D9-1A235261D789}.Debug|Any CPU.Build.0 = Debug|Any CPU
		{A6C9CE1F-B05C-4573-B1D9-1A235261D789}.Release|Any CPU.ActiveCfg = Release|Any CPU
		{A6C9CE1F-B05C-4573-B1D9-1A235261D789}.Release|Any CPU.Build.0 = Release|Any CPU
		{C938612B-B244-49FD-993E-A44E34DE3686}.Debug|Any CPU.ActiveCfg = Debug|Any CPU
		{C938612B-B244-49FD-993E-A44E34DE3686}.Debug|Any CPU.Build.0 = Debug|Any CPU
		{C938612B-B244-49FD-993E-A44E34DE3686}.Release|Any CPU.ActiveCfg = Release|Any CPU
		{C938612B-B244-49FD-993E-A44E34DE3686}.Release|Any CPU.Build.0 = Release|Any CPU
		{5D300B7D-38A3-4E7B-945A-DC203689E322}.Debug|Any CPU.ActiveCfg = Debug|Any CPU
		{5D300B7D-38A3-4E7B-945A-DC203689E322}.Debug|Any CPU.Build.0 = Debug|Any CPU
		{5D300B7D-38A3-4E7B-945A-DC203689E322}.Release|Any CPU.ActiveCfg = Release|Any CPU
		{5D300B7D-38A3-4E7B-945A-DC203689E322}.Release|Any CPU.Build.0 = Release|Any CPU
		{E28F06E9-6D96-4511-A9B5-E703286F543E}.Debug|Any CPU.ActiveCfg = Debug|Any CPU
		{E28F06E9-6D96-4511-A9B5-E703286F543E}.Debug|Any CPU.Build.0 = Debug|Any CPU
		{E28F06E9-6D96-4511-A9B5-E703286F543E}.Release|Any CPU.ActiveCfg = Release|Any CPU
		{E28F06E9-6D96-4511-A9B5-E703286F543E}.Release|Any CPU.Build.0 = Release|Any CPU
		{7A22FD5F-0538-4CF7-8ED8-E878E54D5612}.Debug|Any CPU.ActiveCfg = Debug|Any CPU
		{7A22FD5F-0538-4CF7-8ED8-E878E54D5612}.Debug|Any CPU.Build.0 = Debug|Any CPU
		{7A22FD5F-0538-4CF7-8ED8-E878E54D5612}.Release|Any CPU.ActiveCfg = Release|Any CPU
		{7A22FD5F-0538-4CF7-8ED8-E878E54D5612}.Release|Any CPU.Build.0 = Release|Any CPU
		{2912E5ED-9F93-4266-95D5-42E40630F577}.Debug|Any CPU.ActiveCfg = Debug|Any CPU
		{2912E5ED-9F93-4266-95D5-42E40630F577}.Debug|Any CPU.Build.0 = Debug|Any CPU
		{2912E5ED-9F93-4266-95D5-42E40630F577}.Release|Any CPU.ActiveCfg = Release|Any CPU
		{2912E5ED-9F93-4266-95D5-42E40630F577}.Release|Any CPU.Build.0 = Release|Any CPU
		{634130CF-1EA3-4B12-8A08-D858A2B615C1}.Debug|Any CPU.ActiveCfg = Debug|Any CPU
		{634130CF-1EA3-4B12-8A08-D858A2B615C1}.Debug|Any CPU.Build.0 = Debug|Any CPU
		{634130CF-1EA3-4B12-8A08-D858A2B615C1}.Release|Any CPU.ActiveCfg = Release|Any CPU
		{634130CF-1EA3-4B12-8A08-D858A2B615C1}.Release|Any CPU.Build.0 = Release|Any CPU
	EndGlobalSection
	GlobalSection(SolutionProperties) = preSolution
		HideSolutionNode = FALSE
	EndGlobalSection
EndGlobal
